
Microsoft Visual Studio Solution File, Format Version 12.00
# Visual Studio 14
VisualStudioVersion = 14.0.25420.1
MinimumVisualStudioVersion = 10.0.40219.1
Project("{FAE04EC0-301F-11D3-BF4B-00C04F79EFBC}") = "UsandoReflection", "UsandoReflection\UsandoReflection.csproj", "{C14B113C-094C-4491-94CF-59DDBC858EDB}"
EndProject
Global
	GlobalSection(SolutionConfigurationPlatforms) = preSolution
		Debug|Any CPU = Debug|Any CPU
		Release|Any CPU = Release|Any CPU
	EndGlobalSection
	GlobalSection(ProjectConfigurationPlatforms) = postSolution
		{C14B113C-094C-4491-94CF-59DDBC858EDB}.Debug|Any CPU.ActiveCfg = Debug|Any CPU
		{C14B113C-094C-4491-94CF-59DDBC858EDB}.Debug|Any CPU.Build.0 = Debug|Any CPU
		{C14B113C-094C-4491-94CF-59DDBC858EDB}.Release|Any CPU.ActiveCfg = Release|Any CPU
		{C14B113C-094C-4491-94CF-59DDBC858EDB}.Release|Any CPU.Build.0 = Release|Any CPU
	EndGlobalSection
	GlobalSection(SolutionProperties) = preSolution
		HideSolutionNode = FALSE
	EndGlobalSection
EndGlobal
